
Microsoft Visual Studio Solution File, Format Version 12.00
# Visual Studio Version 17
VisualStudioVersion = 17.3.32922.545
MinimumVisualStudioVersion = 10.0.40219.1
Project("{FAE04EC0-301F-11D3-BF4B-00C04F79EFBC}") = "SCSProjectCSharp", "SCSProjectCSharp.csproj", "{67A01567-5D0B-4AB6-85EE-E4D65A0D73C0}"
EndProject
Global
	GlobalSection(SolutionConfigurationPlatforms) = preSolution
		Debug|Any CPU = Debug|Any CPU
		Release|Any CPU = Release|Any CPU
	EndGlobalSection
	GlobalSection(ProjectConfigurationPlatforms) = postSolution
		{67A01567-5D0B-4AB6-85EE-E4D65A0D73C0}.Debug|Any CPU.ActiveCfg = Debug|Any CPU
		{67A01567-5D0B-4AB6-85EE-E4D65A0D73C0}.Debug|Any CPU.Build.0 = Debug|Any CPU
		{67A01567-5D0B-4AB6-85EE-E4D65A0D73C0}.Release|Any CPU.ActiveCfg = Release|Any CPU
		{67A01567-5D0B-4AB6-85EE-E4D65A0D73C0}.Release|Any CPU.Build.0 = Release|Any CPU
	EndGlobalSection
	GlobalSection(SolutionProperties) = preSolution
		HideSolutionNode = FALSE
	EndGlobalSection
	GlobalSection(ExtensibilityGlobals) = postSolution
		SolutionGuid = {024E0087-7A26-4E4D-80B8-12DD8CD5FC1B}
	EndGlobalSection
EndGlobal
